
Microsoft Visual Studio Solution File, Format Version 12.00
# Visual Studio Version 17
VisualStudioVersion = 17.14.37216.2 d17.14
MinimumVisualStudioVersion = 10.0.40219.1
Project("{FAE04EC0-301F-11D3-BF4B-00C04F79EFBC}") = "ConcratPazzles", "ConcratPazzles.csproj", "{9977D5AA-9CB0-8001-ABDC-13AC43B84034}"
EndProject
Global
	GlobalSection(SolutionConfigurationPlatforms) = preSolution
		Debug|Any CPU = Debug|Any CPU
		Release|Any CPU = Release|Any CPU
	EndGlobalSection
	GlobalSection(ProjectConfigurationPlatforms) = postSolution
		{9977D5AA-9CB0-8001-ABDC-13AC43B84034}.Debug|Any CPU.ActiveCfg = Debug|Any CPU
		{9977D5AA-9CB0-8001-ABDC-13AC43B84034}.Debug|Any CPU.Build.0 = Debug|Any CPU
		{9977D5AA-9CB0-8001-ABDC-13AC43B84034}.Release|Any CPU.ActiveCfg = Release|Any CPU
		{9977D5AA-9CB0-8001-ABDC-13AC43B84034}.Release|Any CPU.Build.0 = Release|Any CPU
	EndGlobalSection
	GlobalSection(SolutionProperties) = preSolution
		HideSolutionNode = FALSE
	EndGlobalSection
	GlobalSection(ExtensibilityGlobals) = postSolution
		SolutionGuid = {4888C738-6124-4958-9E29-53A8B44B680A}
	EndGlobalSection
EndGlobal
